
Microsoft Visual Studio Solution File, Format Version 12.00
# Visual Studio Version 17
VisualStudioVersion = 17.1.32328.378
MinimumVisualStudioVersion = 10.0.40219.1
Project("{FAE04EC0-301F-11D3-BF4B-00C04F79EFBC}") = "CoreLogicProgram", "CoreLogicProgram.csproj", "{05FAB5EA-7549-478C-9F50-204032982663}"
EndProject
Global
	GlobalSection(SolutionConfigurationPlatforms) = preSolution
		Debug|Any CPU = Debug|Any CPU
		Release|Any CPU = Release|Any CPU
	EndGlobalSection
	GlobalSection(ProjectConfigurationPlatforms) = postSolution
		{05FAB5EA-7549-478C-9F50-204032982663}.Debug|Any CPU.ActiveCfg = Debug|Any CPU
		{05FAB5EA-7549-478C-9F50-204032982663}.Debug|Any CPU.Build.0 = Debug|Any CPU
		{05FAB5EA-7549-478C-9F50-204032982663}.Release|Any CPU.ActiveCfg = Release|Any CPU
		{05FAB5EA-7549-478C-9F50-204032982663}.Release|Any CPU.Build.0 = Release|Any CPU
	EndGlobalSection
	GlobalSection(SolutionProperties) = preSolution
		HideSolutionNode = FALSE
	EndGlobalSection
	GlobalSection(ExtensibilityGlobals) = postSolution
		SolutionGuid = {17DB2A11-1ECE-4C53-87ED-7F22E24BAF27}
	EndGlobalSection
EndGlobal
